<Solution>
  <Folder Name="/src/">
    <Project Path="src/Api/PhoneShield.Api.csproj" />
    <Project Path="src/App/PhoneShield.App.csproj" />
    <Project Path="src/Application/PhoneShield.Application.csproj" />
    <Project Path="src/Contracts/PhoneShield.Contracts.csproj" />
    <Project Path="src/Domain/PhoneShield.Domain.csproj" />
    <Project Path="src/Infrastructure/PhoneShield.Infrastructure.csproj" />
  </Folder>
  <Folder Name="/tests/">
    <Project Path="tests/Api.Tests/PhoneShield.Api.Tests.csproj" />
    <Project Path="tests/Application.Tests/PhoneShield.Application.Tests.csproj" />
    <Project Path="tests/Architecture.Tests/PhoneShield.Architecture.Tests.csproj" />
  </Folder>
</Solution>
